
Microsoft Visual Studio Solution File, Format Version 12.00
# Visual Studio 15
VisualStudioVersion = 15.0.26430.15
MinimumVisualStudioVersion = 10.0.40219.1
Project("{FAE04EC0-301F-11D3-BF4B-00C04F79EFBC}") = "KnightTourWPF", "KnightTourWPF\KnightTourWPF.csproj", "{9032B13C-D86F-4445-82EC-9ADD855DD10B}"
EndProject
Project("{D954291E-2A0B-460D-934E-DC6B0785DB48}") = "KnightTour", "KnightTour\KnightTour.shproj", "{DAAE0F62-A20F-4E87-8B7F-B4D0278CD704}"
EndProject
Project("{9A19103F-16F7-4668-BE54-9A1E7A4F7556}") = "KnightTourTest", "KnightTourTest\KnightTourTest.csproj", "{3E27EE4D-C6E0-40A6-9B5B-EA43B5A19872}"
EndProject
Project("{FAE04EC0-301F-11D3-BF4B-00C04F79EFBC}") = "KnightTourApp.Android", "KnightTourApp\KnightTourApp.Android\KnightTourApp.Android.csproj", "{E4CADD34-30B6-43AF-BC4D-60DD930A688B}"
EndProject
Project("{FAE04EC0-301F-11D3-BF4B-00C04F79EFBC}") = "KnightTourApp", "KnightTourApp\KnightTourApp\KnightTourApp.csproj", "{E8F3F05E-BDD7-434C-8D1E-0AA818DEFF30}"
EndProject
Project("{FAE04EC0-301F-11D3-BF4B-00C04F79EFBC}") = "KnightTourApp.UWP", "KnightTourApp\KnightTourApp.UWP\KnightTourApp.UWP.csproj", "{C1D9EDA1-F6B0-4ED7-A265-D35C7ED93B7C}"
EndProject
Project("{FAE04EC0-301F-11D3-BF4B-00C04F79EFBC}") = "KnightTourApp.iOS", "KnightTourApp\KnightTourApp.iOS\KnightTourApp.iOS.csproj", "{27901831-6574-4D2F-98B8-04293392CB7F}"
EndProject
Global
	GlobalSection(SharedMSBuildProjectFiles) = preSolution
		KnightTour\KnightTour.projitems*{9032b13c-d86f-4445-82ec-9add855dd10b}*SharedItemsImports = 4
		KnightTour\KnightTour.projitems*{daae0f62-a20f-4e87-8b7f-b4d0278cd704}*SharedItemsImports = 13
	EndGlobalSection
	GlobalSection(SolutionConfigurationPlatforms) = preSolution
		Ad-Hoc|Any CPU = Ad-Hoc|Any CPU
		Ad-Hoc|ARM = Ad-Hoc|ARM
		Ad-Hoc|iPhone = Ad-Hoc|iPhone
		Ad-Hoc|iPhoneSimulator = Ad-Hoc|iPhoneSimulator
		Ad-Hoc|x64 = Ad-Hoc|x64
		Ad-Hoc|x86 = Ad-Hoc|x86
		AppStore|Any CPU = AppStore|Any CPU
		AppStore|ARM = AppStore|ARM
		AppStore|iPhone = AppStore|iPhone
		AppStore|iPhoneSimulator = AppStore|iPhoneSimulator
		AppStore|x64 = AppStore|x64
		AppStore|x86 = AppStore|x86
		Debug|Any CPU = Debug|Any CPU
		Debug|ARM = Debug|ARM
		Debug|iPhone = Debug|iPhone
		Debug|iPhoneSimulator = Debug|iPhoneSimulator
		Debug|x64 = Debug|x64
		Debug|x86 = Debug|x86
		Release|Any CPU = Release|Any CPU
		Release|ARM = Release|ARM
		Release|iPhone = Release|iPhone
		Release|iPhoneSimulator = Release|iPhoneSimulator
		Release|x64 = Release|x64
		Release|x86 = Release|x86
	EndGlobalSection
	GlobalSection(ProjectConfigurationPlatforms) = postSolution
		{9032B13C-D86F-4445-82EC-9ADD855DD10B}.Ad-Hoc|Any CPU.ActiveCfg = Release|Any CPU
		{9032B13C-D86F-4445-82EC-9ADD855DD10B}.Ad-Hoc|Any CPU.Build.0 = Release|Any CPU
		{9032B13C-D86F-4445-82EC-9ADD855DD10B}.Ad-Hoc|ARM.ActiveCfg = Release|Any CPU
		{9032B13C-D86F-4445-82EC-9ADD855DD10B}.Ad-Hoc|ARM.Build.0 = Release|Any CPU
		{9032B13C-D86F-4445-82EC-9ADD855DD10B}.Ad-Hoc|iPhone.ActiveCfg = Release|Any CPU
		{9032B13C-D86F-4445-82EC-9ADD855DD10B}.Ad-Hoc|iPhone.Build.0 = Release|Any CPU
		{9032B13C-D86F-4445-82EC-9ADD855DD10B}.Ad-Hoc|iPhoneSimulator.ActiveCfg = Release|Any CPU
		{9032B13C-D86F-4445-82EC-9ADD855DD10B}.Ad-Hoc|iPhoneSimulator.Build.0 = Release|Any CPU
		{9032B13C-D86F-4445-82EC-9ADD855DD10B}.Ad-Hoc|x64.ActiveCfg = Release|Any CPU
		{9032B13C-D86F-4445-82EC-9ADD855DD10B}.Ad-Hoc|x64.Build.0 = Release|Any CPU
		{9032B13C-D86F-4445-82EC-9ADD855DD10B}.Ad-Hoc|x86.ActiveCfg = Release|Any CPU
		{9032B13C-D86F-4445-82EC-9ADD855DD10B}.Ad-Hoc|x86.Build.0 = Release|Any CPU
		{9032B13C-D86F-4445-82EC-9ADD855DD10B}.AppStore|Any CPU.ActiveCfg = Release|Any CPU
		{9032B13C-D86F-4445-82EC-9ADD855DD10B}.AppStore|Any CPU.Build.0 = Release|Any CPU
		{9032B13C-D86F-4445-82EC-9ADD855DD10B}.AppStore|ARM.ActiveCfg = Release|Any CPU
		{9032B13C-D86F-4445-82EC-9ADD855DD10B}.AppStore|ARM.Build.0 = Release|Any CPU
		{9032B13C-D86F-4445-82EC-9ADD855DD10B}.AppStore|iPhone.ActiveCfg = Release|Any CPU
		{9032B13C-D86F-4445-82EC-9ADD855DD10B}.AppStore|iPhone.Build.0 = Release|Any CPU
		{9032B13C-D86F-4445-82EC-9ADD855DD10B}.AppStore|iPhoneSimulator.ActiveCfg = Release|Any CPU
		{9032B13C-D86F-4445-82EC-9ADD855DD10B}.AppStore|iPhoneSimulator.Build.0 = Release|Any CPU
		{9032B13C-D86F-4445-82EC-9ADD855DD10B}.AppStore|x64.ActiveCfg = Release|Any CPU
		{9032B13C-D86F-4445-82EC-9ADD855DD10B}.AppStore|x64.Build.0 = Release|Any CPU
		{9032B13C-D86F-4445-82EC-9ADD855DD10B}.AppStore|x86.ActiveCfg = Release|Any CPU
		{9032B13C-D86F-4445-82EC-9ADD855DD10B}.AppStore|x86.Build.0 = Release|Any CPU
		{9032B13C-D86F-4445-82EC-9ADD855DD10B}.Debug|Any CPU.ActiveCfg = Debug|Any CPU
		{9032B13C-D86F-4445-82EC-9ADD855DD10B}.Debug|Any CPU.Build.0 = Debug|Any CPU
		{9032B13C-D86F-4445-82EC-9ADD855DD10B}.Debug|ARM.ActiveCfg = Debug|Any CPU
		{9032B13C-D86F-4445-82EC-9ADD855DD10B}.Debug|ARM.Build.0 = Debug|Any CPU
		{9032B13C-D86F-4445-82EC-9ADD855DD10B}.Debug|iPhone.ActiveCfg = Debug|Any CPU
		{9032B13C-D86F-4445-82EC-9ADD855DD10B}.Debug|iPhone.Build.0 = Debug|Any CPU
		{9032B13C-D86F-4445-82EC-9ADD855DD10B}.Debug|iPhoneSimulator.ActiveCfg = Debug|Any CPU
		{9032B13C-D86F-4445-82EC-9ADD855DD10B}.Debug|iPhoneSimulator.Build.0 = Debug|Any CPU
		{9032B13C-D86F-4445-82EC-9ADD855DD10B}.Debug|x64.ActiveCfg = Debug|Any CPU
		{9032B13C-D86F-4445-82EC-9ADD855DD10B}.Debug|x64.Build.0 = Debug|Any CPU
		{9032B13C-D86F-4445-82EC-9ADD855DD10B}.Debug|x86.ActiveCfg = Debug|Any CPU
		{9032B13C-D86F-4445-82EC-9ADD855DD10B}.Debug|x86.Build.0 = Debug|Any CPU
		{9032B13C-D86F-4445-82EC-9ADD855DD10B}.Release|Any CPU.ActiveCfg = Release|Any CPU
		{9032B13C-D86F-4445-82EC-9ADD855DD10B}.Release|Any CPU.Build.0 = Release|Any CPU
		{9032B13C-D86F-4445-82EC-9ADD855DD10B}.Release|ARM.ActiveCfg = Release|Any CPU
		{9032B13C-D86F-4445-82EC-9ADD855DD10B}.Release|ARM.Build.0 = Release|Any CPU
		{9032B13C-D86F-4445-82EC-9ADD855DD10B}.Release|iPhone.ActiveCfg = Release|Any CPU
		{9032B13C-D86F-4445-82EC-9ADD855DD10B}.Release|iPhone.Build.0 = Release|Any CPU
		{9032B13C-D86F-4445-82EC-9ADD855DD10B}.Release|iPhoneSimulator.ActiveCfg = Release|Any CPU
		{9032B13C-D86F-4445-82EC-9ADD855DD10B}.Release|iPhoneSimulator.Build.0 = Release|Any CPU
		{9032B13C-D86F-4445-82EC-9ADD855DD10B}.Release|x64.ActiveCfg = Release|Any CPU
		{9032B13C-D86F-4445-82EC-9ADD855DD10B}.Release|x64.Build.0 = Release|Any CPU
		{9032B13C-D86F-4445-82EC-9ADD855DD10B}.Release|x86.ActiveCfg = Release|Any CPU
		{9032B13C-D86F-4445-82EC-9ADD855DD10B}.Release|x86.Build.0 = Release|Any CPU
		{3E27EE4D-C6E0-40A6-9B5B-EA43B5A19872}.Ad-Hoc|Any CPU.ActiveCfg = Release|Any CPU
		{3E27EE4D-C6E0-40A6-9B5B-EA43B5A19872}.Ad-Hoc|Any CPU.Build.0 = Release|Any CPU
		{3E27EE4D-C6E0-40A6-9B5B-EA43B5A19872}.Ad-Hoc|ARM.ActiveCfg = Release|Any CPU
		{3E27EE4D-C6E0-40A6-9B5B-EA43B5A19872}.Ad-Hoc|ARM.Build.0 = Release|Any CPU
		{3E27EE4D-C6E0-40A6-9B5B-EA43B5A19872}.Ad-Hoc|iPhone.ActiveCfg = Release|Any CPU
		{3E27EE4D-C6E0-40A6-9B5B-EA43B5A19872}.Ad-Hoc|iPhone.Build.0 = Release|Any CPU
		{3E27EE4D-C6E0-40A6-9B5B-EA43B5A19872}.Ad-Hoc|iPhoneSimulator.ActiveCfg = Release|Any CPU
		{3E27EE4D-C6E0-40A6-9B5B-EA43B5A19872}.Ad-Hoc|iPhoneSimulator.Build.0 = Release|Any CPU
		{3E27EE4D-C6E0-40A6-9B5B-EA43B5A19872}.Ad-Hoc|x64.ActiveCfg = Release|Any CPU
		{3E27EE4D-C6E0-40A6-9B5B-EA43B5A19872}.Ad-Hoc|x64.Build.0 = Release|Any CPU
		{3E27EE4D-C6E0-40A6-9B5B-EA43B5A19872}.Ad-Hoc|x86.ActiveCfg = Release|Any CPU
		{3E27EE4D-C6E0-40A6-9B5B-EA43B5A19872}.Ad-Hoc|x86.Build.0 = Release|Any CPU
		{3E27EE4D-C6E0-40A6-9B5B-EA43B5A19872}.AppStore|Any CPU.ActiveCfg = Release|Any CPU
		{3E27EE4D-C6E0-40A6-9B5B-EA43B5A19872}.AppStore|Any CPU.Build.0 = Release|Any CPU
		{3E27EE4D-C6E0-40A6-9B5B-EA43B5A19872}.AppStore|ARM.ActiveCfg = Release|Any CPU
		{3E27EE4D-C6E0-40A6-9B5B-EA43B5A19872}.AppStore|ARM.Build.0 = Release|Any CPU
		{3E27EE4D-C6E0-40A6-9B5B-EA43B5A19872}.AppStore|iPhone.ActiveCfg = Release|Any CPU
		{3E27EE4D-C6E0-40A6-9B5B-EA43B5A19872}.AppStore|iPhone.Build.0 = Release|Any CPU
		{3E27EE4D-C6E0-40A6-9B5B-EA43B5A19872}.AppStore|iPhoneSimulator.ActiveCfg = Release|Any CPU
		{3E27EE4D-C6E0-40A6-9B5B-EA43B5A19872}.AppStore|iPhoneSimulator.Build.0 = Release|Any CPU
		{3E27EE4D-C6E0-40A6-9B5B-EA43B5A19872}.AppStore|x64.ActiveCfg = Release|Any CPU
		{3E27EE4D-C6E0-40A6-9B5B-EA43B5A19872}.AppStore|x64.Build.0 = Release|Any CPU
		{3E27EE4D-C6E0-40A6-9B5B-EA43B5A19872}.AppStore|x86.ActiveCfg = Release|Any CPU
		{3E27EE4D-C6E0-40A6-9B5B-EA43B5A19872}.AppStore|x86.Build.0 = Release|Any CPU
		{3E27EE4D-C6E0-40A6-9B5B-EA43B5A19872}.Debug|Any CPU.ActiveCfg = Debug|Any CPU
		{3E27EE4D-C6E0-40A6-9B5B-EA43B5A19872}.Debug|Any CPU.Build.0 = Debug|Any CPU
		{3E27EE4D-C6E0-40A6-9B5B-EA43B5A19872}.Debug|ARM.ActiveCfg = Debug|Any CPU
		{3E27EE4D-C6E0-40A6-9B5B-EA43B5A19872}.Debug|ARM.Build.0 = Debug|Any CPU
		{3E27EE4D-C6E0-40A6-9B5B-EA43B5A19872}.Debug|iPhone.ActiveCfg = Debug|Any CPU
		{3E27EE4D-C6E0-40A6-9B5B-EA43B5A19872}.Debug|iPhone.Build.0 = Debug|Any CPU
		{3E27EE4D-C6E0-40A6-9B5B-EA43B5A19872}.Debug|iPhoneSimulator.ActiveCfg = Debug|Any CPU
		{3E27EE4D-C6E0-40A6-9B5B-EA43B5A19872}.Debug|iPhoneSimulator.Build.0 = Debug|Any CPU
		{3E27EE4D-C6E0-40A6-9B5B-EA43B5A19872}.Debug|x64.ActiveCfg = Debug|Any CPU
		{3E27EE4D-C6E0-40A6-9B5B-EA43B5A19872}.Debug|x64.Build.0 = Debug|Any CPU
		{3E27EE4D-C6E0-40A6-9B5B-EA43B5A19872}.Debug|x86.ActiveCfg = Debug|Any CPU
		{3E27EE4D-C6E0-40A6-9B5B-EA43B5A19872}.Debug|x86.Build.0 = Debug|Any CPU
		{3E27EE4D-C6E0-40A6-9B5B-EA43B5A19872}.Release|Any CPU.ActiveCfg = Release|Any CPU
		{3E27EE4D-C6E0-40A6-9B5B-EA43B5A19872}.Release|Any CPU.Build.0 = Release|Any CPU
		{3E27EE4D-C6E0-40A6-9B5B-EA43B5A19872}.Release|ARM.ActiveCfg = Release|Any CPU
		{3E27EE4D-C6E0-40A6-9B5B-EA43B5A19872}.Release|ARM.Build.0 = Release|Any CPU
		{3E27EE4D-C6E0-40A6-9B5B-EA43B5A19872}.Release|iPhone.ActiveCfg = Release|Any CPU
		{3E27EE4D-C6E0-40A6-9B5B-EA43B5A19872}.Release|iPhone.Build.0 = Release|Any CPU
		{3E27EE4D-C6E0-40A6-9B5B-EA43B5A19872}.Release|iPhoneSimulator.ActiveCfg = Release|Any CPU
		{3E27EE4D-C6E0-40A6-9B5B-EA43B5A19872}.Release|iPhoneSimulator.Build.0 = Release|Any CPU
		{3E27EE4D-C6E0-40A6-9B5B-EA43B5A19872}.Release|x64.ActiveCfg = Release|Any CPU
		{3E27EE4D-C6E0-40A6-9B5B-EA43B5A19872}.Release|x64.Build.0 = Release|Any CPU
		{3E27EE4D-C6E0-40A6-9B5B-EA43B5A19872}.Release|x86.ActiveCfg = Release|Any CPU
		{3E27EE4D-C6E0-40A6-9B5B-EA43B5A19872}.Release|x86.Build.0 = Release|Any CPU
		{E4CADD34-30B6-43AF-BC4D-60DD930A688B}.Ad-Hoc|Any CPU.ActiveCfg = Release|Any CPU
		{E4CADD34-30B6-43AF-BC4D-60DD930A688B}.Ad-Hoc|Any CPU.Build.0 = Release|Any CPU
		{E4CADD34-30B6-43AF-BC4D-60DD930A688B}.Ad-Hoc|Any CPU.Deploy.0 = Release|Any CPU
		{E4CADD34-30B6-43AF-BC4D-60DD930A688B}.Ad-Hoc|ARM.ActiveCfg = Release|Any CPU
		{E4CADD34-30B6-43AF-BC4D-60DD930A688B}.Ad-Hoc|ARM.Build.0 = Release|Any CPU
		{E4CADD34-30B6-43AF-BC4D-60DD930A688B}.Ad-Hoc|ARM.Deploy.0 = Release|Any CPU
		{E4CADD34-30B6-43AF-BC4D-60DD930A688B}.Ad-Hoc|iPhone.ActiveCfg = Release|Any CPU
		{E4CADD34-30B6-43AF-BC4D-60DD930A688B}.Ad-Hoc|iPhone.Build.0 = Release|Any CPU
		{E4CADD34-30B6-43AF-BC4D-60DD930A688B}.Ad-Hoc|iPhone.Deploy.0 = Release|Any CPU
		{E4CADD34-30B6-43AF-BC4D-60DD930A688B}.Ad-Hoc|iPhoneSimulator.ActiveCfg = Release|Any CPU
		{E4CADD34-30B6-43AF-BC4D-60DD930A688B}.Ad-Hoc|iPhoneSimulator.Build.0 = Release|Any CPU
		{E4CADD34-30B6-43AF-BC4D-60DD930A688B}.Ad-Hoc|iPhoneSimulator.Deploy.0 = Release|Any CPU
		{E4CADD34-30B6-43AF-BC4D-60DD930A688B}.Ad-Hoc|x64.ActiveCfg = Release|Any CPU
		{E4CADD34-30B6-43AF-BC4D-60DD930A688B}.Ad-Hoc|x64.Build.0 = Release|Any CPU
		{E4CADD34-30B6-43AF-BC4D-60DD930A688B}.Ad-Hoc|x64.Deploy.0 = Release|Any CPU
		{E4CADD34-30B6-43AF-BC4D-60DD930A688B}.Ad-Hoc|x86.ActiveCfg = Release|Any CPU
		{E4CADD34-30B6-43AF-BC4D-60DD930A688B}.Ad-Hoc|x86.Build.0 = Release|Any CPU
		{E4CADD34-30B6-43AF-BC4D-60DD930A688B}.Ad-Hoc|x86.Deploy.0 = Release|Any CPU
		{E4CADD34-30B6-43AF-BC4D-60DD930A688B}.AppStore|Any CPU.ActiveCfg = Release|Any CPU
		{E4CADD34-30B6-43AF-BC4D-60DD930A688B}.AppStore|Any CPU.Build.0 = Release|Any CPU
		{E4CADD34-30B6-43AF-BC4D-60DD930A688B}.AppStore|Any CPU.Deploy.0 = Release|Any CPU
		{E4CADD34-30B6-43AF-BC4D-60DD930A688B}.AppStore|ARM.ActiveCfg = Release|Any CPU
		{E4CADD34-30B6-43AF-BC4D-60DD930A688B}.AppStore|ARM.Build.0 = Release|Any CPU
		{E4CADD34-30B6-43AF-BC4D-60DD930A688B}.AppStore|ARM.Deploy.0 = Release|Any CPU
		{E4CADD34-30B6-43AF-BC4D-60DD930A688B}.AppStore|iPhone.ActiveCfg = Release|Any CPU
		{E4CADD34-30B6-43AF-BC4D-60DD930A688B}.AppStore|iPhone.Build.0 = Release|Any CPU
		{E4CADD34-30B6-43AF-BC4D-60DD930A688B}.AppStore|iPhone.Deploy.0 = Release|Any CPU
		{E4CADD34-30B6-43AF-BC4D-60DD930A688B}.AppStore|iPhoneSimulator.ActiveCfg = Release|Any CPU
		{E4CADD34-30B6-43AF-BC4D-60DD930A688B}.AppStore|iPhoneSimulator.Build.0 = Release|Any CPU
		{E4CADD34-30B6-43AF-BC4D-60DD930A688B}.AppStore|iPhoneSimulator.Deploy.0 = Release|Any CPU
		{E4CADD34-30B6-43AF-BC4D-60DD930A688B}.AppStore|x64.ActiveCfg = Release|Any CPU
		{E4CADD34-30B6-43AF-BC4D-60DD930A688B}.AppStore|x64.Build.0 = Release|Any CPU
		{E4CADD34-30B6-43AF-BC4D-60DD930A688B}.AppStore|x64.Deploy.0 = Release|Any CPU
		{E4CADD34-30B6-43AF-BC4D-60DD930A688B}.AppStore|x86.ActiveCfg = Release|Any CPU
		{E4CADD34-30B6-43AF-BC4D-60DD930A688B}.AppStore|x86.Build.0 = Release|Any CPU
		{E4CADD34-30B6-43AF-BC4D-60DD930A688B}.AppStore|x86.Deploy.0 = Release|Any CPU
		{E4CADD34-30B6-43AF-BC4D-60DD930A688B}.Debug|Any CPU.ActiveCfg = Debug|Any CPU
		{E4CADD34-30B6-43AF-BC4D-60DD930A688B}.Debug|Any CPU.Build.0 = Debug|Any CPU
		{E4CADD34-30B6-43AF-BC4D-60DD930A688B}.Debug|Any CPU.Deploy.0 = Debug|Any CPU
		{E4CADD34-30B6-43AF-BC4D-60DD930A688B}.Debug|ARM.ActiveCfg = Debug|Any CPU
		{E4CADD34-30B6-43AF-BC4D-60DD930A688B}.Debug|ARM.Build.0 = Debug|Any CPU
		{E4CADD34-30B6-43AF-BC4D-60DD930A688B}.Debug|ARM.Deploy.0 = Debug|Any CPU
		{E4CADD34-30B6-43AF-BC4D-60DD930A688B}.Debug|iPhone.ActiveCfg = Debug|Any CPU
		{E4CADD34-30B6-43AF-BC4D-60DD930A688B}.Debug|iPhone.Build.0 = Debug|Any CPU
		{E4CADD34-30B6-43AF-BC4D-60DD930A688B}.Debug|iPhone.Deploy.0 = Debug|Any CPU
		{E4CADD34-30B6-43AF-BC4D-60DD930A688B}.Debug|iPhoneSimulator.ActiveCfg = Debug|Any CPU
		{E4CADD34-30B6-43AF-BC4D-60DD930A688B}.Debug|iPhoneSimulator.Build.0 = Debug|Any CPU
		{E4CADD34-30B6-43AF-BC4D-60DD930A688B}.Debug|iPhoneSimulator.Deploy.0 = Debug|Any CPU
		{E4CADD34-30B6-43AF-BC4D-60DD930A688B}.Debug|x64.ActiveCfg = Debug|Any CPU
		{E4CADD34-30B6-43AF-BC4D-60DD930A688B}.Debug|x64.Build.0 = Debug|Any CPU
		{E4CADD34-30B6-43AF-BC4D-60DD930A688B}.Debug|x64.Deploy.0 = Debug|Any CPU
		{E4CADD34-30B6-43AF-BC4D-60DD930A688B}.Debug|x86.ActiveCfg = Debug|Any CPU
		{E4CADD34-30B6-43AF-BC4D-60DD930A688B}.Debug|x86.Build.0 = Debug|Any CPU
		{E4CADD34-30B6-43AF-BC4D-60DD930A688B}.Debug|x86.Deploy.0 = Debug|Any CPU
		{E4CADD34-30B6-43AF-BC4D-60DD930A688B}.Release|Any CPU.ActiveCfg = Release|Any CPU
		{E4CADD34-30B6-43AF-BC4D-60DD930A688B}.Release|Any CPU.Build.0 = Release|Any CPU
		{E4CADD34-30B6-43AF-BC4D-60DD930A688B}.Release|Any CPU.Deploy.0 = Release|Any CPU
		{E4CADD34-30B6-43AF-BC4D-60DD930A688B}.Release|ARM.ActiveCfg = Release|Any CPU
		{E4CADD34-30B6-43AF-BC4D-60DD930A688B}.Release|ARM.Build.0 = Release|Any CPU
		{E4CADD34-30B6-43AF-BC4D-60DD930A688B}.Release|ARM.Deploy.0 = Release|Any CPU
		{E4CADD34-30B6-43AF-BC4D-60DD930A688B}.Release|iPhone.ActiveCfg = Release|Any CPU
		{E4CADD34-30B6-43AF-BC4D-60DD930A688B}.Release|iPhone.Build.0 = Release|Any CPU
		{E4CADD34-30B6-43AF-BC4D-60DD930A688B}.Release|iPhone.Deploy.0 = Release|Any CPU
		{E4CADD34-30B6-43AF-BC4D-60DD930A688B}.Release|iPhoneSimulator.ActiveCfg = Release|Any CPU
		{E4CADD34-30B6-43AF-BC4D-60DD930A688B}.Release|iPhoneSimulator.Build.0 = Release|Any CPU
		{E4CADD34-30B6-43AF-BC4D-60DD930A688B}.Release|iPhoneSimulator.Deploy.0 = Release|Any CPU
		{E4CADD34-30B6-43AF-BC4D-60DD930A688B}.Release|x64.ActiveCfg = Release|Any CPU
		{E4CADD34-30B6-43AF-BC4D-60DD930A688B}.Release|x64.Build.0 = Release|Any CPU
		{E4CADD34-30B6-43AF-BC4D-60DD930A688B}.Release|x64.Deploy.0 = Release|Any CPU
		{E4CADD34-30B6-43AF-BC4D-60DD930A688B}.Release|x86.ActiveCfg = Release|Any CPU
		{E4CADD34-30B6-43AF-BC4D-60DD930A688B}.Release|x86.Build.0 = Release|Any CPU
		{E4CADD34-30B6-43AF-BC4D-60DD930A688B}.Release|x86.Deploy.0 = Release|Any CPU
		{E8F3F05E-BDD7-434C-8D1E-0AA818DEFF30}.Ad-Hoc|Any CPU.ActiveCfg = Release|Any CPU
		{E8F3F05E-BDD7-434C-8D1E-0AA818DEFF30}.Ad-Hoc|Any CPU.Build.0 = Release|Any CPU
		{E8F3F05E-BDD7-434C-8D1E-0AA818DEFF30}.Ad-Hoc|ARM.ActiveCfg = Release|Any CPU
		{E8F3F05E-BDD7-434C-8D1E-0AA818DEFF30}.Ad-Hoc|ARM.Build.0 = Release|Any CPU
		{E8F3F05E-BDD7-434C-8D1E-0AA818DEFF30}.Ad-Hoc|iPhone.ActiveCfg = Release|Any CPU
		{E8F3F05E-BDD7-434C-8D1E-0AA818DEFF30}.Ad-Hoc|iPhone.Build.0 = Release|Any CPU
		{E8F3F05E-BDD7-434C-8D1E-0AA818DEFF30}.Ad-Hoc|iPhoneSimulator.ActiveCfg = Release|Any CPU
		{E8F3F05E-BDD7-434C-8D1E-0AA818DEFF30}.Ad-Hoc|iPhoneSimulator.Build.0 = Release|Any CPU
		{E8F3F05E-BDD7-434C-8D1E-0AA818DEFF30}.Ad-Hoc|x64.ActiveCfg = Release|Any CPU
		{E8F3F05E-BDD7-434C-8D1E-0AA818DEFF30}.Ad-Hoc|x64.Build.0 = Release|Any CPU
		{E8F3F05E-BDD7-434C-8D1E-0AA818DEFF30}.Ad-Hoc|x86.ActiveCfg = Release|Any CPU
		{E8F3F05E-BDD7-434C-8D1E-0AA818DEFF30}.Ad-Hoc|x86.Build.0 = Release|Any CPU
		{E8F3F05E-BDD7-434C-8D1E-0AA818DEFF30}.AppStore|Any CPU.ActiveCfg = Release|Any CPU
		{E8F3F05E-BDD7-434C-8D1E-0AA818DEFF30}.AppStore|Any CPU.Build.0 = Release|Any CPU
		{E8F3F05E-BDD7-434C-8D1E-0AA818DEFF30}.AppStore|ARM.ActiveCfg = Release|Any CPU
		{E8F3F05E-BDD7-434C-8D1E-0AA818DEFF30}.AppStore|ARM.Build.0 = Release|Any CPU
		{E8F3F05E-BDD7-434C-8D1E-0AA818DEFF30}.AppStore|iPhone.ActiveCfg = Release|Any CPU
		{E8F3F05E-BDD7-434C-8D1E-0AA818DEFF30}.AppStore|iPhone.Build.0 = Release|Any CPU
		{E8F3F05E-BDD7-434C-8D1E-0AA818DEFF30}.AppStore|iPhoneSimulator.ActiveCfg = Release|Any CPU
		{E8F3F05E-BDD7-434C-8D1E-0AA818DEFF30}.AppStore|iPhoneSimulator.Build.0 = Release|Any CPU
		{E8F3F05E-BDD7-434C-8D1E-0AA818DEFF30}.AppStore|x64.ActiveCfg = Release|Any CPU
		{E8F3F05E-BDD7-434C-8D1E-0AA818DEFF30}.AppStore|x64.Build.0 = Release|Any CPU
		{E8F3F05E-BDD7-434C-8D1E-0AA818DEFF30}.AppStore|x86.ActiveCfg = Release|Any CPU
		{E8F3F05E-BDD7-434C-8D1E-0AA818DEFF30}.AppStore|x86.Build.0 = Release|Any CPU
		{E8F3F05E-BDD7-434C-8D1E-0AA818DEFF30}.Debug|Any CPU.ActiveCfg = Debug|Any CPU
		{E8F3F05E-BDD7-434C-8D1E-0AA818DEFF30}.Debug|Any CPU.Build.0 = Debug|Any CPU
		{E8F3F05E-BDD7-434C-8D1E-0AA818DEFF30}.Debug|ARM.ActiveCfg = Debug|Any CPU
		{E8F3F05E-BDD7-434C-8D1E-0AA818DEFF30}.Debug|ARM.Build.0 = Debug|Any CPU
		{E8F3F05E-BDD7-434C-8D1E-0AA818DEFF30}.Debug|iPhone.ActiveCfg = Debug|Any CPU
		{E8F3F05E-BDD7-434C-8D1E-0AA818DEFF30}.Debug|iPhone.Build.0 = Debug|Any CPU
		{E8F3F05E-BDD7-434C-8D1E-0AA818DEFF30}.Debug|iPhoneSimulator.ActiveCfg = Debug|Any CPU
		{E8F3F05E-BDD7-434C-8D1E-0AA818DEFF30}.Debug|iPhoneSimulator.Build.0 = Debug|Any CPU
		{E8F3F05E-BDD7-434C-8D1E-0AA818DEFF30}.Debug|x64.ActiveCfg = Debug|Any CPU
		{E8F3F05E-BDD7-434C-8D1E-0AA818DEFF30}.Debug|x64.Build.0 = Debug|Any CPU
		{E8F3F05E-BDD7-434C-8D1E-0AA818DEFF30}.Debug|x86.ActiveCfg = Debug|Any CPU
		{E8F3F05E-BDD7-434C-8D1E-0AA818DEFF30}.Debug|x86.Build.0 = Debug|Any CPU
		{E8F3F05E-BDD7-434C-8D1E-0AA818DEFF30}.Release|Any CPU.ActiveCfg = Release|Any CPU
		{E8F3F05E-BDD7-434C-8D1E-0AA818DEFF30}.Release|Any CPU.Build.0 = Release|Any CPU
		{E8F3F05E-BDD7-434C-8D1E-0AA818DEFF30}.Release|ARM.ActiveCfg = Release|Any CPU
		{E8F3F05E-BDD7-434C-8D1E-0AA818DEFF30}.Release|ARM.Build.0 = Release|Any CPU
		{E8F3F05E-BDD7-434C-8D1E-0AA818DEFF30}.Release|iPhone.ActiveCfg = Release|Any CPU
		{E8F3F05E-BDD7-434C-8D1E-0AA818DEFF30}.Release|iPhone.Build.0 = Release|Any CPU
		{E8F3F05E-BDD7-434C-8D1E-0AA818DEFF30}.Release|iPhoneSimulator.ActiveCfg = Release|Any CPU
		{E8F3F05E-BDD7-434C-8D1E-0AA818DEFF30}.Release|iPhoneSimulator.Build.0 = Release|Any CPU
		{E8F3F05E-BDD7-434C-8D1E-0AA818DEFF30}.Release|x64.ActiveCfg = Release|Any CPU
		{E8F3F05E-BDD7-434C-8D1E-0AA818DEFF30}.Release|x64.Build.0 = Release|Any CPU
		{E8F3F05E-BDD7-434C-8D1E-0AA818DEFF30}.Release|x86.ActiveCfg = Release|Any CPU
		{E8F3F05E-BDD7-434C-8D1E-0AA818DEFF30}.Release|x86.Build.0 = Release|Any CPU
		{C1D9EDA1-F6B0-4ED7-A265-D35C7ED93B7C}.Ad-Hoc|Any CPU.ActiveCfg = Release|x86
		{C1D9EDA1-F6B0-4ED7-A265-D35C7ED93B7C}.Ad-Hoc|Any CPU.Build.0 = Release|x86
		{C1D9EDA1-F6B0-4ED7-A265-D35C7ED93B7C}.Ad-Hoc|Any CPU.Deploy.0 = Release|x86
		{C1D9EDA1-F6B0-4ED7-A265-D35C7ED93B7C}.Ad-Hoc|ARM.ActiveCfg = Release|ARM
		{C1D9EDA1-F6B0-4ED7-A265-D35C7ED93B7C}.Ad-Hoc|ARM.Build.0 = Release|ARM
		{C1D9EDA1-F6B0-4ED7-A265-D35C7ED93B7C}.Ad-Hoc|ARM.Deploy.0 = Release|ARM
		{C1D9EDA1-F6B0-4ED7-A265-D35C7ED93B7C}.Ad-Hoc|iPhone.ActiveCfg = Release|x86
		{C1D9EDA1-F6B0-4ED7-A265-D35C7ED93B7C}.Ad-Hoc|iPhone.Build.0 = Release|x86
		{C1D9EDA1-F6B0-4ED7-A265-D35C7ED93B7C}.Ad-Hoc|iPhone.Deploy.0 = Release|x86
		{C1D9EDA1-F6B0-4ED7-A265-D35C7ED93B7C}.Ad-Hoc|iPhoneSimulator.ActiveCfg = Release|x86
		{C1D9EDA1-F6B0-4ED7-A265-D35C7ED93B7C}.Ad-Hoc|iPhoneSimulator.Build.0 = Release|x86
		{C1D9EDA1-F6B0-4ED7-A265-D35C7ED93B7C}.Ad-Hoc|iPhoneSimulator.Deploy.0 = Release|x86
		{C1D9EDA1-F6B0-4ED7-A265-D35C7ED93B7C}.Ad-Hoc|x64.ActiveCfg = Release|x64
		{C1D9EDA1-F6B0-4ED7-A265-D35C7ED93B7C}.Ad-Hoc|x64.Build.0 = Release|x64
		{C1D9EDA1-F6B0-4ED7-A265-D35C7ED93B7C}.Ad-Hoc|x64.Deploy.0 = Release|x64
		{C1D9EDA1-F6B0-4ED7-A265-D35C7ED93B7C}.Ad-Hoc|x86.ActiveCfg = Release|x86
		{C1D9EDA1-F6B0-4ED7-A265-D35C7ED93B7C}.Ad-Hoc|x86.Build.0 = Release|x86
		{C1D9EDA1-F6B0-4ED7-A265-D35C7ED93B7C}.Ad-Hoc|x86.Deploy.0 = Release|x86
		{C1D9EDA1-F6B0-4ED7-A265-D35C7ED93B7C}.AppStore|Any CPU.ActiveCfg = Release|x86
		{C1D9EDA1-F6B0-4ED7-A265-D35C7ED93B7C}.AppStore|Any CPU.Build.0 = Release|x86
		{C1D9EDA1-F6B0-4ED7-A265-D35C7ED93B7C}.AppStore|Any CPU.Deploy.0 = Release|x86
		{C1D9EDA1-F6B0-4ED7-A265-D35C7ED93B7C}.AppStore|ARM.ActiveCfg = Release|ARM
		{C1D9EDA1-F6B0-4ED7-A265-D35C7ED93B7C}.AppStore|ARM.Build.0 = Release|ARM
		{C1D9EDA1-F6B0-4ED7-A265-D35C7ED93B7C}.AppStore|ARM.Deploy.0 = Release|ARM
		{C1D9EDA1-F6B0-4ED7-A265-D35C7ED93B7C}.AppStore|iPhone.ActiveCfg = Release|x86
		{C1D9EDA1-F6B0-4ED7-A265-D35C7ED93B7C}.AppStore|iPhone.Build.0 = Release|x86
		{C1D9EDA1-F6B0-4ED7-A265-D35C7ED93B7C}.AppStore|iPhone.Deploy.0 = Release|x86
		{C1D9EDA1-F6B0-4ED7-A265-D35C7ED93B7C}.AppStore|iPhoneSimulator.ActiveCfg = Release|x86
		{C1D9EDA1-F6B0-4ED7-A265-D35C7ED93B7C}.AppStore|iPhoneSimulator.Build.0 = Release|x86
		{C1D9EDA1-F6B0-4ED7-A265-D35C7ED93B7C}.AppStore|iPhoneSimulator.Deploy.0 = Release|x86
		{C1D9EDA1-F6B0-4ED7-A265-D35C7ED93B7C}.AppStore|x64.ActiveCfg = Release|x64
		{C1D9EDA1-F6B0-4ED7-A265-D35C7ED93B7C}.AppStore|x64.Build.0 = Release|x64
		{C1D9EDA1-F6B0-4ED7-A265-D35C7ED93B7C}.AppStore|x64.Deploy.0 = Release|x64
		{C1D9EDA1-F6B0-4ED7-A265-D35C7ED93B7C}.AppStore|x86.ActiveCfg = Release|x86
		{C1D9EDA1-F6B0-4ED7-A265-D35C7ED93B7C}.AppStore|x86.Build.0 = Release|x86
		{C1D9EDA1-F6B0-4ED7-A265-D35C7ED93B7C}.AppStore|x86.Deploy.0 = Release|x86
		{C1D9EDA1-F6B0-4ED7-A265-D35C7ED93B7C}.Debug|Any CPU.ActiveCfg = Debug|x86
		{C1D9EDA1-F6B0-4ED7-A265-D35C7ED93B7C}.Debug|ARM.ActiveCfg = Debug|ARM
		{C1D9EDA1-F6B0-4ED7-A265-D35C7ED93B7C}.Debug|ARM.Build.0 = Debug|ARM
		{C1D9EDA1-F6B0-4ED7-A265-D35C7ED93B7C}.Debug|ARM.Deploy.0 = Debug|ARM
		{C1D9EDA1-F6B0-4ED7-A265-D35C7ED93B7C}.Debug|iPhone.ActiveCfg = Debug|x86
		{C1D9EDA1-F6B0-4ED7-A265-D35C7ED93B7C}.Debug|iPhoneSimulator.ActiveCfg = Debug|x86
		{C1D9EDA1-F6B0-4ED7-A265-D35C7ED93B7C}.Debug|x64.ActiveCfg = Debug|x64
		{C1D9EDA1-F6B0-4ED7-A265-D35C7ED93B7C}.Debug|x64.Build.0 = Debug|x64
		{C1D9EDA1-F6B0-4ED7-A265-D35C7ED93B7C}.Debug|x64.Deploy.0 = Debug|x64
		{C1D9EDA1-F6B0-4ED7-A265-D35C7ED93B7C}.Debug|x86.ActiveCfg = Debug|x86
		{C1D9EDA1-F6B0-4ED7-A265-D35C7ED93B7C}.Debug|x86.Build.0 = Debug|x86
		{C1D9EDA1-F6B0-4ED7-A265-D35C7ED93B7C}.Debug|x86.Deploy.0 = Debug|x86
		{C1D9EDA1-F6B0-4ED7-A265-D35C7ED93B7C}.Release|Any CPU.ActiveCfg = Release|x86
		{C1D9EDA1-F6B0-4ED7-A265-D35C7ED93B7C}.Release|ARM.ActiveCfg = Release|ARM
		{C1D9EDA1-F6B0-4ED7-A265-D35C7ED93B7C}.Release|ARM.Build.0 = Release|ARM
		{C1D9EDA1-F6B0-4ED7-A265-D35C7ED93B7C}.Release|ARM.Deploy.0 = Release|ARM
		{C1D9EDA1-F6B0-4ED7-A265-D35C7ED93B7C}.Release|iPhone.ActiveCfg = Release|x86
		{C1D9EDA1-F6B0-4ED7-A265-D35C7ED93B7C}.Release|iPhoneSimulator.ActiveCfg = Release|x86
		{C1D9EDA1-F6B0-4ED7-A265-D35C7ED93B7C}.Release|x64.ActiveCfg = Release|x64
		{C1D9EDA1-F6B0-4ED7-A265-D35C7ED93B7C}.Release|x64.Build.0 = Release|x64
		{C1D9EDA1-F6B0-4ED7-A265-D35C7ED93B7C}.Release|x64.Deploy.0 = Release|x64
		{C1D9EDA1-F6B0-4ED7-A265-D35C7ED93B7C}.Release|x86.ActiveCfg = Release|x86
		{C1D9EDA1-F6B0-4ED7-A265-D35C7ED93B7C}.Release|x86.Build.0 = Release|x86
		{C1D9EDA1-F6B0-4ED7-A265-D35C7ED93B7C}.Release|x86.Deploy.0 = Release|x86
		{27901831-6574-4D2F-98B8-04293392CB7F}.Ad-Hoc|Any CPU.ActiveCfg = Ad-Hoc|iPhone
		{27901831-6574-4D2F-98B8-04293392CB7F}.Ad-Hoc|ARM.ActiveCfg = Ad-Hoc|iPhone
		{27901831-6574-4D2F-98B8-04293392CB7F}.Ad-Hoc|iPhone.ActiveCfg = Ad-Hoc|iPhone
		{27901831-6574-4D2F-98B8-04293392CB7F}.Ad-Hoc|iPhone.Build.0 = Ad-Hoc|iPhone
		{27901831-6574-4D2F-98B8-04293392CB7F}.Ad-Hoc|iPhoneSimulator.ActiveCfg = Ad-Hoc|iPhoneSimulator
		{27901831-6574-4D2F-98B8-04293392CB7F}.Ad-Hoc|iPhoneSimulator.Build.0 = Ad-Hoc|iPhoneSimulator
		{27901831-6574-4D2F-98B8-04293392CB7F}.Ad-Hoc|x64.ActiveCfg = Ad-Hoc|iPhone
		{27901831-6574-4D2F-98B8-04293392CB7F}.Ad-Hoc|x86.ActiveCfg = Ad-Hoc|iPhone
		{27901831-6574-4D2F-98B8-04293392CB7F}.AppStore|Any CPU.ActiveCfg = AppStore|iPhone
		{27901831-6574-4D2F-98B8-04293392CB7F}.AppStore|ARM.ActiveCfg = AppStore|iPhone
		{27901831-6574-4D2F-98B8-04293392CB7F}.AppStore|iPhone.ActiveCfg = AppStore|iPhone
		{27901831-6574-4D2F-98B8-04293392CB7F}.AppStore|iPhone.Build.0 = AppStore|iPhone
		{27901831-6574-4D2F-98B8-04293392CB7F}.AppStore|iPhoneSimulator.ActiveCfg = AppStore|iPhoneSimulator
		{27901831-6574-4D2F-98B8-04293392CB7F}.AppStore|iPhoneSimulator.Build.0 = AppStore|iPhoneSimulator
		{27901831-6574-4D2F-98B8-04293392CB7F}.AppStore|x64.ActiveCfg = AppStore|iPhone
		{27901831-6574-4D2F-98B8-04293392CB7F}.AppStore|x86.ActiveCfg = AppStore|iPhone
		{27901831-6574-4D2F-98B8-04293392CB7F}.Debug|Any CPU.ActiveCfg = Debug|iPhone
		{27901831-6574-4D2F-98B8-04293392CB7F}.Debug|ARM.ActiveCfg = Debug|iPhone
		{27901831-6574-4D2F-98B8-04293392CB7F}.Debug|iPhone.ActiveCfg = Debug|iPhone
		{27901831-6574-4D2F-98B8-04293392CB7F}.Debug|iPhone.Build.0 = Debug|iPhone
		{27901831-6574-4D2F-98B8-04293392CB7F}.Debug|iPhoneSimulator.ActiveCfg = Debug|iPhoneSimulator
		{27901831-6574-4D2F-98B8-04293392CB7F}.Debug|iPhoneSimulator.Build.0 = Debug|iPhoneSimulator
		{27901831-6574-4D2F-98B8-04293392CB7F}.Debug|x64.ActiveCfg = Debug|iPhone
		{27901831-6574-4D2F-98B8-04293392CB7F}.Debug|x86.ActiveCfg = Debug|iPhone
		{27901831-6574-4D2F-98B8-04293392CB7F}.Release|Any CPU.ActiveCfg = Release|iPhone
		{27901831-6574-4D2F-98B8-04293392CB7F}.Release|ARM.ActiveCfg = Release|iPhone
		{27901831-6574-4D2F-98B8-04293392CB7F}.Release|iPhone.ActiveCfg = Release|iPhone
		{27901831-6574-4D2F-98B8-04293392CB7F}.Release|iPhone.Build.0 = Release|iPhone
		{27901831-6574-4D2F-98B8-04293392CB7F}.Release|iPhoneSimulator.ActiveCfg = Release|iPhoneSimulator
		{27901831-6574-4D2F-98B8-04293392CB7F}.Release|iPhoneSimulator.Build.0 = Release|iPhoneSimulator
		{27901831-6574-4D2F-98B8-04293392CB7F}.Release|x64.ActiveCfg = Release|iPhone
		{27901831-6574-4D2F-98B8-04293392CB7F}.Release|x86.ActiveCfg = Release|iPhone
	EndGlobalSection
	GlobalSection(SolutionProperties) = preSolution
		HideSolutionNode = FALSE
	EndGlobalSection
EndGlobal
